
Microsoft Visual Studio Solution File, Format Version 12.00
# Visual Studio Version 17
VisualStudioVersion = 17.9.34616.47
MinimumVisualStudioVersion = 10.0.40219.1
Project("{9A19103F-16F7-4668-BE54-9A1E7A4F7556}") = "CoolCar", "CoolCar\CoolCar.csproj", "{6A936E2D-AA7A-4D00-BC96-2A661B502ED7}"
	ProjectSection(ProjectDependencies) = postProject
		{9149BEFE-14E5-49AC-A443-3924CFBFEA82} = {9149BEFE-14E5-49AC-A443-3924CFBFEA82}
	EndProjectSection
EndProject
Project("{9A19103F-16F7-4668-BE54-9A1E7A4F7556}") = "CoolCar.Db", "CoolCar.Db\CoolCar.Db.csproj", "{9149BEFE-14E5-49AC-A443-3924CFBFEA82}"
EndProject
Project("{FAE04EC0-301F-11D3-BF4B-00C04F79EFBC}") = "WebAppCoolCar", "WebAppCoolCar\WebAppCoolCar.csproj", "{70D348B0-C329-4EBE-A8B6-B2752BE83F22}"
EndProject
Global
	GlobalSection(SolutionConfigurationPlatforms) = preSolution
		Debug|Any CPU = Debug|Any CPU
		Release|Any CPU = Release|Any CPU
	EndGlobalSection
	GlobalSection(ProjectConfigurationPlatforms) = postSolution
		{6A936E2D-AA7A-4D00-BC96-2A661B502ED7}.Debug|Any CPU.ActiveCfg = Debug|Any CPU
		{6A936E2D-AA7A-4D00-BC96-2A661B502ED7}.Debug|Any CPU.Build.0 = Debug|Any CPU
		{6A936E2D-AA7A-4D00-BC96-2A661B502ED7}.Release|Any CPU.ActiveCfg = Release|Any CPU
		{6A936E2D-AA7A-4D00-BC96-2A661B502ED7}.Release|Any CPU.Build.0 = Release|Any CPU
		{9149BEFE-14E5-49AC-A443-3924CFBFEA82}.Debug|Any CPU.ActiveCfg = Debug|Any CPU
		{9149BEFE-14E5-49AC-A443-3924CFBFEA82}.Debug|Any CPU.Build.0 = Debug|Any CPU
		{9149BEFE-14E5-49AC-A443-3924CFBFEA82}.Release|Any CPU.ActiveCfg = Release|Any CPU
		{9149BEFE-14E5-49AC-A443-3924CFBFEA82}.Release|Any CPU.Build.0 = Release|Any CPU
		{70D348B0-C329-4EBE-A8B6-B2752BE83F22}.Debug|Any CPU.ActiveCfg = Debug|Any CPU
		{70D348B0-C329-4EBE-A8B6-B2752BE83F22}.Debug|Any CPU.Build.0 = Debug|Any CPU
		{70D348B0-C329-4EBE-A8B6-B2752BE83F22}.Release|Any CPU.ActiveCfg = Release|Any CPU
		{70D348B0-C329-4EBE-A8B6-B2752BE83F22}.Release|Any CPU.Build.0 = Release|Any CPU
	EndGlobalSection
	GlobalSection(SolutionProperties) = preSolution
		HideSolutionNode = FALSE
	EndGlobalSection
	GlobalSection(ExtensibilityGlobals) = postSolution
		SolutionGuid = {1A697D82-0AE2-4568-8930-DF1FB511C9CA}
	EndGlobalSection
EndGlobal
